
Microsoft Visual Studio Solution File, Format Version 12.00
# Visual Studio 15
VisualStudioVersion = 15.0.28307.136
MinimumVisualStudioVersion = 10.0.40219.1
Project("{FAE04EC0-301F-11D3-BF4B-00C04F79EFBC}") = "JWT_token", "JWT_token\JWT_token.csproj", "{1F88053C-E529-4867-BD08-9524D9DC576A}"
EndProject
Global
	GlobalSection(SolutionConfigurationPlatforms) = preSolution
		Debug|Any CPU = Debug|Any CPU
		Release|Any CPU = Release|Any CPU
	EndGlobalSection
	GlobalSection(ProjectConfigurationPlatforms) = postSolution
		{1F88053C-E529-4867-BD08-9524D9DC576A}.Debug|Any CPU.ActiveCfg = Debug|Any CPU
		{1F88053C-E529-4867-BD08-9524D9DC576A}.Debug|Any CPU.Build.0 = Debug|Any CPU
		{1F88053C-E529-4867-BD08-9524D9DC576A}.Release|Any CPU.ActiveCfg = Release|Any CPU
		{1F88053C-E529-4867-BD08-9524D9DC576A}.Release|Any CPU.Build.0 = Release|Any CPU
	EndGlobalSection
	GlobalSection(SolutionProperties) = preSolution
		HideSolutionNode = FALSE
	EndGlobalSection
	GlobalSection(ExtensibilityGlobals) = postSolution
		SolutionGuid = {B8C346CA-9F08-46EB-9C69-6CF30E9057EA}
	EndGlobalSection
EndGlobal
